{
  "pins" : [
    {
      "identity" : "osaurus-plugin-sdk",
      "kind" : "remoteSourceControl",
      "location" : "https://github.com/osaurus-ai/osaurus-plugin-sdk.git",
      "state" : {
        "revision" : "f5fac88621aa174531c0aac3c1d1dbbbd8142522",
        "version" : "1.0.0"
      }
    }
  ],
  "version" : 2
}
